
Microsoft Visual Studio Solution File, Format Version 11.00
# Visual Studio 2010
Project("{8BC9CEB8-8B4A-11D0-8D11-00A0C91BC942}") = "CS586", "CS586\CS586.vcxproj", "{32F6581F-5F63-4CD7-A1AF-C11106986643}"
EndProject
Global
	GlobalSection(SolutionConfigurationPlatforms) = preSolution
		Debug|Win32 = Debug|Win32
		Release|Win32 = Release|Win32
	EndGlobalSection
	GlobalSection(ProjectConfigurationPlatforms) = postSolution
		{32F6581F-5F63-4CD7-A1AF-C11106986643}.Debug|Win32.ActiveCfg = Debug|Win32
		{32F6581F-5F63-4CD7-A1AF-C11106986643}.Debug|Win32.Build.0 = Debug|Win32
		{32F6581F-5F63-4CD7-A1AF-C11106986643}.Release|Win32.ActiveCfg = Release|Win32
		{32F6581F-5F63-4CD7-A1AF-C11106986643}.Release|Win32.Build.0 = Release|Win32
	EndGlobalSection
	GlobalSection(SolutionProperties) = preSolution
		HideSolutionNode = FALSE
	EndGlobalSection
EndGlobal
